
Microsoft Visual Studio Solution File, Format Version 12.00
# Visual Studio Version 17
VisualStudioVersion = 17.6.33829.357
MinimumVisualStudioVersion = 10.0.40219.1
Project("{FAE04EC0-301F-11D3-BF4B-00C04F79EFBC}") = "GreetingApp", "GreetingApp\GreetingApp.csproj", "{3F999CE9-9A6F-4367-93CB-7CD4E81378AF}"
EndProject
Global
	GlobalSection(SolutionConfigurationPlatforms) = preSolution
		Debug|Any CPU = Debug|Any CPU
		Release|Any CPU = Release|Any CPU
	EndGlobalSection
	GlobalSection(ProjectConfigurationPlatforms) = postSolution
		{3F999CE9-9A6F-4367-93CB-7CD4E81378AF}.Debug|Any CPU.ActiveCfg = Debug|Any CPU
		{3F999CE9-9A6F-4367-93CB-7CD4E81378AF}.Debug|Any CPU.Build.0 = Debug|Any CPU
		{3F999CE9-9A6F-4367-93CB-7CD4E81378AF}.Release|Any CPU.ActiveCfg = Release|Any CPU
		{3F999CE9-9A6F-4367-93CB-7CD4E81378AF}.Release|Any CPU.Build.0 = Release|Any CPU
	EndGlobalSection
	GlobalSection(SolutionProperties) = preSolution
		HideSolutionNode = FALSE
	EndGlobalSection
	GlobalSection(ExtensibilityGlobals) = postSolution
		SolutionGuid = {FBBDF186-6282-4D4A-B2AB-59DC306AE059}
	EndGlobalSection
EndGlobal
